{
  "version": 4,
  "terraform_version": "0.13.2",
  "serial": 4,
  "lineage": "1da1e07a-3f21-5ed3-7c56-a4ce8d66f58e",
  "outputs": {},
  "resources": [
    {
      "mode": "managed",
      "type": "azurerm_container_group",
      "name": "containergroup",
      "provider": "provider[\"registry.terraform.io/hashicorp/azurerm\"]",
      "instances": [
        {
          "schema_version": 0,
          "attributes": {
            "container": [
              {
                "commands": [],
                "cpu": 1,
                "environment_variables": {
                  "spring_profiles_active": "dev"
                },
                "gpu": [],
                "image": "nginxdemos/hello",
                "liveness_probe": [],
                "memory": 0.8,
                "name": "nginx-hello",
                "ports": [
                  {
                    "port": 80,
                    "protocol": "TCP"
                  }
                ],
                "readiness_probe": [],
                "secure_environment_variables": null,
                "volume": []
              }
            ],
            "diagnostics": [],
            "dns_name_label": "rockstars-example",
            "fqdn": "rockstars-example.westeurope.azurecontainer.io",
            "id": "/subscriptions/3e8f3388-77da-4756-9d18-357313fd73ea/resourceGroups/rockstars/providers/Microsoft.ContainerInstance/containerGroups/containergroup-rockstars",
            "identity": [],
            "image_registry_credential": [],
            "ip_address": "51.138.113.14",
            "ip_address_type": "Public",
            "location": "westeurope",
            "name": "containergroup-rockstars",
            "network_profile_id": null,
            "os_type": "Linux",
            "resource_group_name": "rockstars",
            "restart_policy": "Always",
            "tags": {
              "DeployDate": "2021-02-17T06:13:27Z",
              "Stack": "rockstars"
            },
            "timeouts": null
          },
          "private": "eyJlMmJmYjczMC1lY2FhLTExZTYtOGY4OC0zNDM2M2JjN2M0YzAiOnsiY3JlYXRlIjoxODAwMDAwMDAwMDAwLCJkZWxldGUiOjE4MDAwMDAwMDAwMDAsInJlYWQiOjMwMDAwMDAwMDAwMCwidXBkYXRlIjoxODAwMDAwMDAwMDAwfX0=",
          "dependencies": [
            "azurerm_resource_group.rockstars-rg"
          ]
        }
      ]
    },
    {
      "mode": "managed",
      "type": "azurerm_postgresql_server",
      "name": "rockstars-postgres",
      "provider": "provider[\"registry.terraform.io/hashicorp/azurerm\"]",
      "instances": [
        {
          "schema_version": 0,
          "attributes": {
            "administrator_login": "psadmin",
            "administrator_login_password": "bla!P@ass",
            "auto_grow_enabled": false,
            "backup_retention_days": 7,
            "create_mode": "Default",
            "creation_source_server_id": null,
            "fqdn": "rockstars-postgres-dev.postgres.database.azure.com",
            "geo_redundant_backup_enabled": false,
            "id": "/subscriptions/3e8f3388-77da-4756-9d18-357313fd73ea/resourceGroups/rockstars/providers/Microsoft.DBforPostgreSQL/servers/rockstars-postgres-dev",
            "infrastructure_encryption_enabled": false,
            "location": "westeurope",
            "name": "rockstars-postgres-dev",
            "public_network_access_enabled": true,
            "resource_group_name": "rockstars",
            "restore_point_in_time": null,
            "sku_name": "B_Gen5_1",
            "ssl_enforcement": "Disabled",
            "ssl_enforcement_enabled": false,
            "ssl_minimal_tls_version_enforced": "TLSEnforcementDisabled",
            "storage_mb": 5120,
            "storage_profile": [
              {
                "auto_grow": "Disabled",
                "backup_retention_days": 7,
                "geo_redundant_backup": "Disabled",
                "storage_mb": 5120
              }
            ],
            "tags": null,
            "threat_detection_policy": [],
            "timeouts": null,
            "version": "11"
          },
          "private": "eyJlMmJmYjczMC1lY2FhLTExZTYtOGY4OC0zNDM2M2JjN2M0YzAiOnsiY3JlYXRlIjozNjAwMDAwMDAwMDAwLCJkZWxldGUiOjM2MDAwMDAwMDAwMDAsInJlYWQiOjMwMDAwMDAwMDAwMCwidXBkYXRlIjozNjAwMDAwMDAwMDAwfX0=",
          "dependencies": [
            "azurerm_resource_group.rockstars-rg"
          ]
        }
      ]
    },
    {
      "mode": "managed",
      "type": "azurerm_resource_group",
      "name": "rockstars-rg",
      "provider": "provider[\"registry.terraform.io/hashicorp/azurerm\"]",
      "instances": [
        {
          "schema_version": 0,
          "attributes": {
            "id": "/subscriptions/3e8f3388-77da-4756-9d18-357313fd73ea/resourceGroups/rockstars",
            "location": "westeurope",
            "name": "rockstars",
            "tags": null,
            "timeouts": null
          },
          "private": "eyJlMmJmYjczMC1lY2FhLTExZTYtOGY4OC0zNDM2M2JjN2M0YzAiOnsiY3JlYXRlIjo1NDAwMDAwMDAwMDAwLCJkZWxldGUiOjU0MDAwMDAwMDAwMDAsInJlYWQiOjMwMDAwMDAwMDAwMCwidXBkYXRlIjo1NDAwMDAwMDAwMDAwfX0="
        }
      ]
    }
  ]
}
